// !$*UTF8*$!
{
	archiveVersion = 1;
	classes = {
	};
	objectVersion = 48;
	objects = {

/* Begin PBXBuildFile section */
		38441A8DDC2F635130EB17AB /* Pods_GPSDataCollector.framework in Frameworks */ = {isa = PBXBuildFile; fileRef = A2B5EBACDB4CE42A1273AFD6 /* Pods_GPSDataCollector.framework */; };
		891322FA2057573E004B9C0D /* Authentication.swift in Sources */ = {isa = PBXBuildFile; fileRef = 891322F92057573E004B9C0D /* Authentication.swift */; };
		891322FC205757C3004B9C0D /* UserClass.swift in Sources */ = {isa = PBXBuildFile; fileRef = 891322FB205757C3004B9C0D /* UserClass.swift */; };
		891322FE20575A15004B9C0D /* Constants.swift in Sources */ = {isa = PBXBuildFile; fileRef = 891322FD20575A15004B9C0D /* Constants.swift */; };
		891EE98220816277002099A2 /* EndScreenVC.swift in Sources */ = {isa = PBXBuildFile; fileRef = 891EE98120816277002099A2 /* EndScreenVC.swift */; };
		892A6724205A3A4D00243972 /* FancyButton.swift in Sources */ = {isa = PBXBuildFile; fileRef = 892A6723205A3A4D00243972 /* FancyButton.swift */; };
		892A6726205A3A6300243972 /* FancyView.swift in Sources */ = {isa = PBXBuildFile; fileRef = 892A6725205A3A6300243972 /* FancyView.swift */; };
		8934837B208BB8FE003C8D1C /* UserProfileVC.swift in Sources */ = {isa = PBXBuildFile; fileRef = 8934837A208BB8FE003C8D1C /* UserProfileVC.swift */; };
		8934837D208BCD5C003C8D1C /* Camera.swift in Sources */ = {isa = PBXBuildFile; fileRef = 8934837C208BCD5C003C8D1C /* Camera.swift */; };
		8934837F208BDFFA003C8D1C /* FancyImageView.swift in Sources */ = {isa = PBXBuildFile; fileRef = 8934837E208BDFFA003C8D1C /* FancyImageView.swift */; };
		89348383208C2A5D003C8D1C /* SWRevealViewController.m in Sources */ = {isa = PBXBuildFile; fileRef = 89348382208C2A5D003C8D1C /* SWRevealViewController.m */; };
		89348385208C2E1A003C8D1C /* SideVC.swift in Sources */ = {isa = PBXBuildFile; fileRef = 89348384208C2E1A003C8D1C /* SideVC.swift */; };
		8940272720296D5C003832B1 /* LogInInVC.swift in Sources */ = {isa = PBXBuildFile; fileRef = 8940272620296D5C003832B1 /* LogInInVC.swift */; };
		8940272920296D68003832B1 /* SignUPVC.swift in Sources */ = {isa = PBXBuildFile; fileRef = 8940272820296D68003832B1 /* SignUPVC.swift */; };
		8940272B20296EDF003832B1 /* GoogleService-Info.plist in Resources */ = {isa = PBXBuildFile; fileRef = 8940272A20296EDF003832B1 /* GoogleService-Info.plist */; };
		8949A362206B2A59007BC20E /* Extensions and helpers.swift in Sources */ = {isa = PBXBuildFile; fileRef = 8949A361206B2A59007BC20E /* Extensions and helpers.swift */; };
		8949A364206B3AE7007BC20E /* EventDetailVC.swift in Sources */ = {isa = PBXBuildFile; fileRef = 8949A363206B3AE7007BC20E /* EventDetailVC.swift */; };
		89599A3F2086E00D00DBA414 /* startAnimation.swift in Sources */ = {isa = PBXBuildFile; fileRef = 89599A3E2086E00D00DBA414 /* startAnimation.swift */; };
		89599A412086E33400DBA414 /* StartVC.swift in Sources */ = {isa = PBXBuildFile; fileRef = 89599A402086E33400DBA414 /* StartVC.swift */; };
		89631B65203E370C0063CCE0 /* StartVC.swift in Sources */ = {isa = PBXBuildFile; fileRef = 89631B64203E370C0063CCE0 /* StartVC.swift */; };
		89631B67203E72FE0063CCE0 /* TrackVC.swift in Sources */ = {isa = PBXBuildFile; fileRef = 89631B66203E72FE0063CCE0 /* TrackVC.swift */; };
		89631B69203E730F0063CCE0 /* MapWatchVC.swift in Sources */ = {isa = PBXBuildFile; fileRef = 89631B68203E730F0063CCE0 /* MapWatchVC.swift */; };
		8994E1AA2069D22F0072DBF0 /* User.swift in Sources */ = {isa = PBXBuildFile; fileRef = 8994E1A92069D22F0072DBF0 /* User.swift */; };
		8994E1AC2069F5BE0072DBF0 /* AllEventsVC.swift in Sources */ = {isa = PBXBuildFile; fileRef = 8994E1AB2069F5BE0072DBF0 /* AllEventsVC.swift */; };
		8994E1AE2069F5F50072DBF0 /* AllEventsCell.swift in Sources */ = {isa = PBXBuildFile; fileRef = 8994E1AD2069F5F50072DBF0 /* AllEventsCell.swift */; };
		8994E1B02069F7780072DBF0 /* DataSource.swift in Sources */ = {isa = PBXBuildFile; fileRef = 8994E1AF2069F7780072DBF0 /* DataSource.swift */; };
		8994E1B22069F8410072DBF0 /* Event.swift in Sources */ = {isa = PBXBuildFile; fileRef = 8994E1B12069F8410072DBF0 /* Event.swift */; };
		89961801203BCB260055364A /* Interface.storyboard in Resources */ = {isa = PBXBuildFile; fileRef = 899617FF203BCB260055364A /* Interface.storyboard */; };
		89961803203BCB260055364A /* Assets.xcassets in Resources */ = {isa = PBXBuildFile; fileRef = 89961802203BCB260055364A /* Assets.xcassets */; };
		8996180A203BCB260055364A /* RiderTrackWatchApp Extension.appex in Embed App Extensions */ = {isa = PBXBuildFile; fileRef = 89961809203BCB260055364A /* RiderTrackWatchApp Extension.appex */; settings = {ATTRIBUTES = (RemoveHeadersOnCopy, ); }; };
		8996180F203BCB260055364A /* InterfaceController.swift in Sources */ = {isa = PBXBuildFile; fileRef = 8996180E203BCB260055364A /* InterfaceController.swift */; };
		89961811203BCB260055364A /* ExtensionDelegate.swift in Sources */ = {isa = PBXBuildFile; fileRef = 89961810203BCB260055364A /* ExtensionDelegate.swift */; };
		89961813203BCB260055364A /* NotificationController.swift in Sources */ = {isa = PBXBuildFile; fileRef = 89961812203BCB260055364A /* NotificationController.swift */; };
		89961815203BCB260055364A /* Assets.xcassets in Resources */ = {isa = PBXBuildFile; fileRef = 89961814203BCB260055364A /* Assets.xcassets */; };
		8996181A203BCB260055364A /* RiderTrackWatchApp.app in Embed Watch Content */ = {isa = PBXBuildFile; fileRef = 899617FD203BCB260055364A /* RiderTrackWatchApp.app */; };
		89961829203BE2720055364A /* WatchAppConstants.swift in Sources */ = {isa = PBXBuildFile; fileRef = 89961828203BE2720055364A /* WatchAppConstants.swift */; };
		89A1560D1FA6486F0081035B /* AppDelegate.swift in Sources */ = {isa = PBXBuildFile; fileRef = 89A1560C1FA6486F0081035B /* AppDelegate.swift */; };
		89A1560F1FA6486F0081035B /* HomeVC.swift in Sources */ = {isa = PBXBuildFile; fileRef = 89A1560E1FA6486F0081035B /* HomeVC.swift */; };
		89A156121FA6486F0081035B /* Main.storyboard in Resources */ = {isa = PBXBuildFile; fileRef = 89A156101FA6486F0081035B /* Main.storyboard */; };
		89A156151FA6486F0081035B /* GPSDataCollector.xcdatamodeld in Sources */ = {isa = PBXBuildFile; fileRef = 89A156131FA6486F0081035B /* GPSDataCollector.xcdatamodeld */; };
		89A156171FA6486F0081035B /* Assets.xcassets in Resources */ = {isa = PBXBuildFile; fileRef = 89A156161FA6486F0081035B /* Assets.xcassets */; };
		89A1561A1FA6486F0081035B /* LaunchScreen.storyboard in Resources */ = {isa = PBXBuildFile; fileRef = 89A156181FA6486F0081035B /* LaunchScreen.storyboard */; };
		89A156251FA64D170081035B /* MapVC.swift in Sources */ = {isa = PBXBuildFile; fileRef = 89A156241FA64D170081035B /* MapVC.swift */; };
/* End PBXBuildFile section */

/* Begin PBXContainerItemProxy section */
		8996180B203BCB260055364A /* PBXContainerItemProxy */ = {
			isa = PBXContainerItemProxy;
			containerPortal = 89A156011FA6486F0081035B /* Project object */;
			proxyType = 1;
			remoteGlobalIDString = 89961808203BCB260055364A;
			remoteInfo = "RiderTrackWatchApp Extension";
		};
		89961818203BCB260055364A /* PBXContainerItemProxy */ = {
			isa = PBXContainerItemProxy;
			containerPortal = 89A156011FA6486F0081035B /* Project object */;
			proxyType = 1;
			remoteGlobalIDString = 899617FC203BCB260055364A;
			remoteInfo = RiderTrackWatchApp;
		};
/* End PBXContainerItemProxy section */

/* Begin PBXCopyFilesBuildPhase section */
		89961820203BCB260055364A /* Embed App Extensions */ = {
			isa = PBXCopyFilesBuildPhase;
			buildActionMask = 2147483647;
			dstPath = "";
			dstSubfolderSpec = 13;
			files = (
				8996180A203BCB260055364A /* RiderTrackWatchApp Extension.appex in Embed App Extensions */,
			);
			name = "Embed App Extensions";
			runOnlyForDeploymentPostprocessing = 0;
		};
		89961822203BCB260055364A /* Embed Watch Content */ = {
			isa = PBXCopyFilesBuildPhase;
			buildActionMask = 2147483647;
			dstPath = "$(CONTENTS_FOLDER_PATH)/Watch";
			dstSubfolderSpec = 16;
			files = (
				8996181A203BCB260055364A /* RiderTrackWatchApp.app in Embed Watch Content */,
			);
			name = "Embed Watch Content";
			runOnlyForDeploymentPostprocessing = 0;
		};
/* End PBXCopyFilesBuildPhase section */

/* Begin PBXFileReference section */
		61F5C9D2D8CE4E6DAD0D2CEA /* Pods-GPSDataCollector.release.xcconfig */ = {isa = PBXFileReference; includeInIndex = 1; lastKnownFileType = text.xcconfig; name = "Pods-GPSDataCollector.release.xcconfig"; path = "Pods/Target Support Files/Pods-GPSDataCollector/Pods-GPSDataCollector.release.xcconfig"; sourceTree = "<group>"; };
		891322F92057573E004B9C0D /* Authentication.swift */ = {isa = PBXFileReference; lastKnownFileType = sourcecode.swift; path = Authentication.swift; sourceTree = "<group>"; };
		891322FB205757C3004B9C0D /* UserClass.swift */ = {isa = PBXFileReference; lastKnownFileType = sourcecode.swift; path = UserClass.swift; sourceTree = "<group>"; };
		891322FD20575A15004B9C0D /* Constants.swift */ = {isa = PBXFileReference; lastKnownFileType = sourcecode.swift; path = Constants.swift; sourceTree = "<group>"; };
		891EE98120816277002099A2 /* EndScreenVC.swift */ = {isa = PBXFileReference; lastKnownFileType = sourcecode.swift; path = EndScreenVC.swift; sourceTree = "<group>"; };
		892A6723205A3A4D00243972 /* FancyButton.swift */ = {isa = PBXFileReference; lastKnownFileType = sourcecode.swift; path = FancyButton.swift; sourceTree = "<group>"; };
		892A6725205A3A6300243972 /* FancyView.swift */ = {isa = PBXFileReference; lastKnownFileType = sourcecode.swift; path = FancyView.swift; sourceTree = "<group>"; };
		8934837A208BB8FE003C8D1C /* UserProfileVC.swift */ = {isa = PBXFileReference; lastKnownFileType = sourcecode.swift; path = UserProfileVC.swift; sourceTree = "<group>"; };
		8934837C208BCD5C003C8D1C /* Camera.swift */ = {isa = PBXFileReference; lastKnownFileType = sourcecode.swift; path = Camera.swift; sourceTree = "<group>"; };
		8934837E208BDFFA003C8D1C /* FancyImageView.swift */ = {isa = PBXFileReference; lastKnownFileType = sourcecode.swift; path = FancyImageView.swift; sourceTree = "<group>"; };
		89348380208C2A5C003C8D1C /* GPSDataCollector-Bridging-Header.h */ = {isa = PBXFileReference; lastKnownFileType = sourcecode.c.h; path = "GPSDataCollector-Bridging-Header.h"; sourceTree = "<group>"; };
		89348381208C2A5D003C8D1C /* SWRevealViewController.h */ = {isa = PBXFileReference; fileEncoding = 4; lastKnownFileType = sourcecode.c.h; path = SWRevealViewController.h; sourceTree = "<group>"; };
		89348382208C2A5D003C8D1C /* SWRevealViewController.m */ = {isa = PBXFileReference; fileEncoding = 4; lastKnownFileType = sourcecode.c.objc; path = SWRevealViewController.m; sourceTree = "<group>"; };
		89348384208C2E1A003C8D1C /* SideVC.swift */ = {isa = PBXFileReference; lastKnownFileType = sourcecode.swift; path = SideVC.swift; sourceTree = "<group>"; };
		8940272620296D5C003832B1 /* LogInInVC.swift */ = {isa = PBXFileReference; lastKnownFileType = sourcecode.swift; path = LogInInVC.swift; sourceTree = "<group>"; };
		8940272820296D68003832B1 /* SignUPVC.swift */ = {isa = PBXFileReference; lastKnownFileType = sourcecode.swift; path = SignUPVC.swift; sourceTree = "<group>"; };
		8940272A20296EDF003832B1 /* GoogleService-Info.plist */ = {isa = PBXFileReference; fileEncoding = 4; lastKnownFileType = text.plist.xml; path = "GoogleService-Info.plist"; sourceTree = "<group>"; };
		8949A361206B2A59007BC20E /* Extensions and helpers.swift */ = {isa = PBXFileReference; lastKnownFileType = sourcecode.swift; path = "Extensions and helpers.swift"; sourceTree = "<group>"; };
		8949A363206B3AE7007BC20E /* EventDetailVC.swift */ = {isa = PBXFileReference; lastKnownFileType = sourcecode.swift; path = EventDetailVC.swift; sourceTree = "<group>"; };
		89599A3E2086E00D00DBA414 /* startAnimation.swift */ = {isa = PBXFileReference; lastKnownFileType = sourcecode.swift; path = startAnimation.swift; sourceTree = "<group>"; };
		89599A402086E33400DBA414 /* StartVC.swift */ = {isa = PBXFileReference; lastKnownFileType = sourcecode.swift; path = StartVC.swift; sourceTree = "<group>"; };
		89631B64203E370C0063CCE0 /* StartVC.swift */ = {isa = PBXFileReference; lastKnownFileType = sourcecode.swift; path = StartVC.swift; sourceTree = "<group>"; };
		89631B66203E72FE0063CCE0 /* TrackVC.swift */ = {isa = PBXFileReference; lastKnownFileType = sourcecode.swift; path = TrackVC.swift; sourceTree = "<group>"; };
		89631B68203E730F0063CCE0 /* MapWatchVC.swift */ = {isa = PBXFileReference; lastKnownFileType = sourcecode.swift; path = MapWatchVC.swift; sourceTree = "<group>"; };
		8994E1A92069D22F0072DBF0 /* User.swift */ = {isa = PBXFileReference; lastKnownFileType = sourcecode.swift; path = User.swift; sourceTree = "<group>"; };
		8994E1AB2069F5BE0072DBF0 /* AllEventsVC.swift */ = {isa = PBXFileReference; lastKnownFileType = sourcecode.swift; path = AllEventsVC.swift; sourceTree = "<group>"; };
		8994E1AD2069F5F50072DBF0 /* AllEventsCell.swift */ = {isa = PBXFileReference; lastKnownFileType = sourcecode.swift; path = AllEventsCell.swift; sourceTree = "<group>"; };
		8994E1AF2069F7780072DBF0 /* DataSource.swift */ = {isa = PBXFileReference; lastKnownFileType = sourcecode.swift; path = DataSource.swift; sourceTree = "<group>"; };
		8994E1B12069F8410072DBF0 /* Event.swift */ = {isa = PBXFileReference; lastKnownFileType = sourcecode.swift; path = Event.swift; sourceTree = "<group>"; };
		899617FD203BCB260055364A /* RiderTrackWatchApp.app */ = {isa = PBXFileReference; explicitFileType = wrapper.application; includeInIndex = 0; path = RiderTrackWatchApp.app; sourceTree = BUILT_PRODUCTS_DIR; };
		89961800203BCB260055364A /* Base */ = {isa = PBXFileReference; lastKnownFileType = file.storyboard; name = Base; path = Base.lproj/Interface.storyboard; sourceTree = "<group>"; };
		89961802203BCB260055364A /* Assets.xcassets */ = {isa = PBXFileReference; lastKnownFileType = folder.assetcatalog; path = Assets.xcassets; sourceTree = "<group>"; };
		89961804203BCB260055364A /* Info.plist */ = {isa = PBXFileReference; lastKnownFileType = text.plist.xml; path = Info.plist; sourceTree = "<group>"; };
		89961809203BCB260055364A /* RiderTrackWatchApp Extension.appex */ = {isa = PBXFileReference; explicitFileType = "wrapper.app-extension"; includeInIndex = 0; path = "RiderTrackWatchApp Extension.appex"; sourceTree = BUILT_PRODUCTS_DIR; };
		8996180E203BCB260055364A /* InterfaceController.swift */ = {isa = PBXFileReference; lastKnownFileType = sourcecode.swift; path = InterfaceController.swift; sourceTree = "<group>"; };
		89961810203BCB260055364A /* ExtensionDelegate.swift */ = {isa = PBXFileReference; lastKnownFileType = sourcecode.swift; path = ExtensionDelegate.swift; sourceTree = "<group>"; };
		89961812203BCB260055364A /* NotificationController.swift */ = {isa = PBXFileReference; lastKnownFileType = sourcecode.swift; path = NotificationController.swift; sourceTree = "<group>"; };
		89961814203BCB260055364A /* Assets.xcassets */ = {isa = PBXFileReference; lastKnownFileType = folder.assetcatalog; path = Assets.xcassets; sourceTree = "<group>"; };
		89961816203BCB260055364A /* Info.plist */ = {isa = PBXFileReference; lastKnownFileType = text.plist.xml; path = Info.plist; sourceTree = "<group>"; };
		89961817203BCB260055364A /* PushNotificationPayload.apns */ = {isa = PBXFileReference; lastKnownFileType = text; path = PushNotificationPayload.apns; sourceTree = "<group>"; };
		89961823203BE09D0055364A /* GPSDataCollector.entitlements */ = {isa = PBXFileReference; lastKnownFileType = text.plist.entitlements; path = GPSDataCollector.entitlements; sourceTree = "<group>"; };
		89961824203BE0F60055364A /* RiderTrackWatchApp Extension.entitlements */ = {isa = PBXFileReference; lastKnownFileType = text.plist.entitlements; path = "RiderTrackWatchApp Extension.entitlements"; sourceTree = "<group>"; };
		89961828203BE2720055364A /* WatchAppConstants.swift */ = {isa = PBXFileReference; lastKnownFileType = sourcecode.swift; path = WatchAppConstants.swift; sourceTree = "<group>"; };
		8996182A203BE7FD0055364A /* RiderTrackWatchApp.entitlements */ = {isa = PBXFileReference; lastKnownFileType = text.plist.entitlements; path = RiderTrackWatchApp.entitlements; sourceTree = "<group>"; };
		89A156091FA6486F0081035B /* GPSDataCollector.app */ = {isa = PBXFileReference; explicitFileType = wrapper.application; includeInIndex = 0; path = GPSDataCollector.app; sourceTree = BUILT_PRODUCTS_DIR; };
		89A1560C1FA6486F0081035B /* AppDelegate.swift */ = {isa = PBXFileReference; lastKnownFileType = sourcecode.swift; path = AppDelegate.swift; sourceTree = "<group>"; };
		89A1560E1FA6486F0081035B /* HomeVC.swift */ = {isa = PBXFileReference; lastKnownFileType = sourcecode.swift; path = HomeVC.swift; sourceTree = "<group>"; };
		89A156111FA6486F0081035B /* Base */ = {isa = PBXFileReference; lastKnownFileType = file.storyboard; name = Base; path = Base.lproj/Main.storyboard; sourceTree = "<group>"; };
		89A156141FA6486F0081035B /* GPSDataCollector.xcdatamodel */ = {isa = PBXFileReference; lastKnownFileType = wrapper.xcdatamodel; path = GPSDataCollector.xcdatamodel; sourceTree = "<group>"; };
		89A156161FA6486F0081035B /* Assets.xcassets */ = {isa = PBXFileReference; lastKnownFileType = folder.assetcatalog; path = Assets.xcassets; sourceTree = "<group>"; };
		89A156191FA6486F0081035B /* Base */ = {isa = PBXFileReference; lastKnownFileType = file.storyboard; name = Base; path = Base.lproj/LaunchScreen.storyboard; sourceTree = "<group>"; };
		89A1561B1FA6486F0081035B /* Info.plist */ = {isa = PBXFileReference; lastKnownFileType = text.plist.xml; path = Info.plist; sourceTree = "<group>"; };
		89A156241FA64D170081035B /* MapVC.swift */ = {isa = PBXFileReference; lastKnownFileType = sourcecode.swift; path = MapVC.swift; sourceTree = "<group>"; };
		A2B5EBACDB4CE42A1273AFD6 /* Pods_GPSDataCollector.framework */ = {isa = PBXFileReference; explicitFileType = wrapper.framework; includeInIndex = 0; path = Pods_GPSDataCollector.framework; sourceTree = BUILT_PRODUCTS_DIR; };
		A6DB647D7CC5B187DBEFFFAD /* Pods-GPSDataCollector.debug.xcconfig */ = {isa = PBXFileReference; includeInIndex = 1; lastKnownFileType = text.xcconfig; name = "Pods-GPSDataCollector.debug.xcconfig"; path = "Pods/Target Support Files/Pods-GPSDataCollector/Pods-GPSDataCollector.debug.xcconfig"; sourceTree = "<group>"; };
/* End PBXFileReference section */

/* Begin PBXFrameworksBuildPhase section */
		7881742D03DE5C332AEBF60B /* Frameworks */ = {
			isa = PBXFrameworksBuildPhase;
			buildActionMask = 2147483647;
			files = (
			);
			runOnlyForDeploymentPostprocessing = 0;
		};
		89961806203BCB260055364A /* Frameworks */ = {
			isa = PBXFrameworksBuildPhase;
			buildActionMask = 2147483647;
			files = (
			);
			runOnlyForDeploymentPostprocessing = 0;
		};
		89A156061FA6486F0081035B /* Frameworks */ = {
			isa = PBXFrameworksBuildPhase;
			buildActionMask = 2147483647;
			files = (
				38441A8DDC2F635130EB17AB /* Pods_GPSDataCollector.framework in Frameworks */,
			);
			runOnlyForDeploymentPostprocessing = 0;
		};
/* End PBXFrameworksBuildPhase section */

/* Begin PBXGroup section */
		37FDB8BFF1FA27AD719AF6F0 /* Frameworks */ = {
			isa = PBXGroup;
			children = (
				A2B5EBACDB4CE42A1273AFD6 /* Pods_GPSDataCollector.framework */,
			);
			name = Frameworks;
			sourceTree = "<group>";
		};
		6F9C4A36E8C0AEA8FA0C32F8 /* Pods */ = {
			isa = PBXGroup;
			children = (
				A6DB647D7CC5B187DBEFFFAD /* Pods-GPSDataCollector.debug.xcconfig */,
				61F5C9D2D8CE4E6DAD0D2CEA /* Pods-GPSDataCollector.release.xcconfig */,
			);
			name = Pods;
			sourceTree = "<group>";
		};
		899617FE203BCB260055364A /* RiderTrackWatchApp */ = {
			isa = PBXGroup;
			children = (
				8996182A203BE7FD0055364A /* RiderTrackWatchApp.entitlements */,
				899617FF203BCB260055364A /* Interface.storyboard */,
				89961802203BCB260055364A /* Assets.xcassets */,
				89961804203BCB260055364A /* Info.plist */,
			);
			path = RiderTrackWatchApp;
			sourceTree = "<group>";
		};
		8996180D203BCB260055364A /* RiderTrackWatchApp Extension */ = {
			isa = PBXGroup;
			children = (
				89961824203BE0F60055364A /* RiderTrackWatchApp Extension.entitlements */,
				8996180E203BCB260055364A /* InterfaceController.swift */,
				89631B64203E370C0063CCE0 /* StartVC.swift */,
				89631B66203E72FE0063CCE0 /* TrackVC.swift */,
				89631B68203E730F0063CCE0 /* MapWatchVC.swift */,
				89961810203BCB260055364A /* ExtensionDelegate.swift */,
				89961812203BCB260055364A /* NotificationController.swift */,
				89961814203BCB260055364A /* Assets.xcassets */,
				89961816203BCB260055364A /* Info.plist */,
				89961817203BCB260055364A /* PushNotificationPayload.apns */,
				89961828203BE2720055364A /* WatchAppConstants.swift */,
				8994E1A92069D22F0072DBF0 /* User.swift */,
				891EE98120816277002099A2 /* EndScreenVC.swift */,
			);
			path = "RiderTrackWatchApp Extension";
			sourceTree = "<group>";
		};
		89961825203BE2130055364A /* Utilities */ = {
			isa = PBXGroup;
			children = (
				891322FD20575A15004B9C0D /* Constants.swift */,
				891322F92057573E004B9C0D /* Authentication.swift */,
				8994E1AF2069F7780072DBF0 /* DataSource.swift */,
				8949A361206B2A59007BC20E /* Extensions and helpers.swift */,
				8934837C208BCD5C003C8D1C /* Camera.swift */,
				89348381208C2A5D003C8D1C /* SWRevealViewController.h */,
				89348382208C2A5D003C8D1C /* SWRevealViewController.m */,
				89348380208C2A5C003C8D1C /* GPSDataCollector-Bridging-Header.h */,
			);
			path = Utilities;
			sourceTree = "<group>";
		};
		89A156001FA6486F0081035B = {
			isa = PBXGroup;
			children = (
				89A1560B1FA6486F0081035B /* GPSDataCollector */,
				899617FE203BCB260055364A /* RiderTrackWatchApp */,
				8996180D203BCB260055364A /* RiderTrackWatchApp Extension */,
				89A1560A1FA6486F0081035B /* Products */,
				6F9C4A36E8C0AEA8FA0C32F8 /* Pods */,
				37FDB8BFF1FA27AD719AF6F0 /* Frameworks */,
			);
			sourceTree = "<group>";
		};
		89A1560A1FA6486F0081035B /* Products */ = {
			isa = PBXGroup;
			children = (
				89A156091FA6486F0081035B /* GPSDataCollector.app */,
				899617FD203BCB260055364A /* RiderTrackWatchApp.app */,
				89961809203BCB260055364A /* RiderTrackWatchApp Extension.appex */,
			);
			name = Products;
			sourceTree = "<group>";
		};
		89A1560B1FA6486F0081035B /* GPSDataCollector */ = {
			isa = PBXGroup;
			children = (
				89961825203BE2130055364A /* Utilities */,
				89961823203BE09D0055364A /* GPSDataCollector.entitlements */,
				89A156231FA64CBD0081035B /* Model */,
				89A156221FA64CBB0081035B /* View */,
				89A156211FA64CB80081035B /* Controller */,
				89A1560C1FA6486F0081035B /* AppDelegate.swift */,
				89A156101FA6486F0081035B /* Main.storyboard */,
				89A156161FA6486F0081035B /* Assets.xcassets */,
				89A156181FA6486F0081035B /* LaunchScreen.storyboard */,
				89A1561B1FA6486F0081035B /* Info.plist */,
				89A156131FA6486F0081035B /* GPSDataCollector.xcdatamodeld */,
				8940272A20296EDF003832B1 /* GoogleService-Info.plist */,
			);
			path = GPSDataCollector;
			sourceTree = "<group>";
		};
		89A156211FA64CB80081035B /* Controller */ = {
			isa = PBXGroup;
			children = (
				89A1560E1FA6486F0081035B /* HomeVC.swift */,
				89A156241FA64D170081035B /* MapVC.swift */,
				8940272620296D5C003832B1 /* LogInInVC.swift */,
				8940272820296D68003832B1 /* SignUPVC.swift */,
				8994E1AB2069F5BE0072DBF0 /* AllEventsVC.swift */,
				8949A363206B3AE7007BC20E /* EventDetailVC.swift */,
				89599A3E2086E00D00DBA414 /* startAnimation.swift */,
				89599A402086E33400DBA414 /* StartVC.swift */,
				8934837A208BB8FE003C8D1C /* UserProfileVC.swift */,
				89348384208C2E1A003C8D1C /* SideVC.swift */,
			);
			path = Controller;
			sourceTree = "<group>";
		};
		89A156221FA64CBB0081035B /* View */ = {
			isa = PBXGroup;
			children = (
				892A6723205A3A4D00243972 /* FancyButton.swift */,
				892A6725205A3A6300243972 /* FancyView.swift */,
				8994E1AD2069F5F50072DBF0 /* AllEventsCell.swift */,
				8934837E208BDFFA003C8D1C /* FancyImageView.swift */,
			);
			path = View;
			sourceTree = "<group>";
		};
		89A156231FA64CBD0081035B /* Model */ = {
			isa = PBXGroup;
			children = (
				891322FB205757C3004B9C0D /* UserClass.swift */,
				8994E1B12069F8410072DBF0 /* Event.swift */,
			);
			path = Model;
			sourceTree = "<group>";
		};
/* End PBXGroup section */

/* Begin PBXNativeTarget section */
		899617FC203BCB260055364A /* RiderTrackWatchApp */ = {
			isa = PBXNativeTarget;
			buildConfigurationList = 89961821203BCB260055364A /* Build configuration list for PBXNativeTarget "RiderTrackWatchApp" */;
			buildPhases = (
				899617FB203BCB260055364A /* Resources */,
				89961820203BCB260055364A /* Embed App Extensions */,
				7881742D03DE5C332AEBF60B /* Frameworks */,
			);
			buildRules = (
			);
			dependencies = (
				8996180C203BCB260055364A /* PBXTargetDependency */,
			);
			name = RiderTrackWatchApp;
			productName = RiderTrackWatchApp;
			productReference = 899617FD203BCB260055364A /* RiderTrackWatchApp.app */;
			productType = "com.apple.product-type.application.watchapp2";
		};
		89961808203BCB260055364A /* RiderTrackWatchApp Extension */ = {
			isa = PBXNativeTarget;
			buildConfigurationList = 8996181F203BCB260055364A /* Build configuration list for PBXNativeTarget "RiderTrackWatchApp Extension" */;
			buildPhases = (
				89961805203BCB260055364A /* Sources */,
				89961806203BCB260055364A /* Frameworks */,
				89961807203BCB260055364A /* Resources */,
			);
			buildRules = (
			);
			dependencies = (
			);
			name = "RiderTrackWatchApp Extension";
			productName = "RiderTrackWatchApp Extension";
			productReference = 89961809203BCB260055364A /* RiderTrackWatchApp Extension.appex */;
			productType = "com.apple.product-type.watchkit2-extension";
		};
		89A156081FA6486F0081035B /* GPSDataCollector */ = {
			isa = PBXNativeTarget;
			buildConfigurationList = 89A1561E1FA6486F0081035B /* Build configuration list for PBXNativeTarget "GPSDataCollector" */;
			buildPhases = (
				94C6ACE5C5397CB00A470969 /* [CP] Check Pods Manifest.lock */,
				89A156051FA6486F0081035B /* Sources */,
				89A156061FA6486F0081035B /* Frameworks */,
				89A156071FA6486F0081035B /* Resources */,
				844160F0A33690408923189C /* [CP] Embed Pods Frameworks */,
				884F3E7DE34A8C1BC64AA0E7 /* [CP] Copy Pods Resources */,
				89961822203BCB260055364A /* Embed Watch Content */,
			);
			buildRules = (
			);
			dependencies = (
				89961819203BCB260055364A /* PBXTargetDependency */,
			);
			name = GPSDataCollector;
			productName = GPSDataCollector;
			productReference = 89A156091FA6486F0081035B /* GPSDataCollector.app */;
			productType = "com.apple.product-type.application";
		};
/* End PBXNativeTarget section */

/* Begin PBXProject section */
		89A156011FA6486F0081035B /* Project object */ = {
			isa = PBXProject;
			attributes = {
				LastSwiftUpdateCheck = 0920;
				LastUpgradeCheck = 0930;
				ORGANIZATIONNAME = "AKIL KUMAR THOTA";
				TargetAttributes = {
					899617FC203BCB260055364A = {
						CreatedOnToolsVersion = 9.2;
						ProvisioningStyle = Automatic;
						SystemCapabilities = {
							com.apple.ApplicationGroups.iOS = {
								enabled = 1;
							};
						};
					};
					89961808203BCB260055364A = {
						CreatedOnToolsVersion = 9.2;
						ProvisioningStyle = Automatic;
						SystemCapabilities = {
							com.apple.ApplicationGroups.iOS = {
								enabled = 1;
							};
						};
					};
					89A156081FA6486F0081035B = {
						CreatedOnToolsVersion = 9.0.1;
						LastSwiftMigration = 0930;
						ProvisioningStyle = Automatic;
						SystemCapabilities = {
							com.apple.ApplicationGroups.iOS = {
								enabled = 1;
							};
							com.apple.BackgroundModes = {
								enabled = 1;
							};
						};
					};
				};
			};
			buildConfigurationList = 89A156041FA6486F0081035B /* Build configuration list for PBXProject "GPSDataCollector" */;
			compatibilityVersion = "Xcode 8.0";
			developmentRegion = en;
			hasScannedForEncodings = 0;
			knownRegions = (
				en,
				Base,
			);
			mainGroup = 89A156001FA6486F0081035B;
			productRefGroup = 89A1560A1FA6486F0081035B /* Products */;
			projectDirPath = "";
			projectRoot = "";
			targets = (
				89A156081FA6486F0081035B /* GPSDataCollector */,
				899617FC203BCB260055364A /* RiderTrackWatchApp */,
				89961808203BCB260055364A /* RiderTrackWatchApp Extension */,
			);
		};
/* End PBXProject section */

/* Begin PBXResourcesBuildPhase section */
		899617FB203BCB260055364A /* Resources */ = {
			isa = PBXResourcesBuildPhase;
			buildActionMask = 2147483647;
			files = (
				89961803203BCB260055364A /* Assets.xcassets in Resources */,
				89961801203BCB260055364A /* Interface.storyboard in Resources */,
			);
			runOnlyForDeploymentPostprocessing = 0;
		};
		89961807203BCB260055364A /* Resources */ = {
			isa = PBXResourcesBuildPhase;
			buildActionMask = 2147483647;
			files = (
				89961815203BCB260055364A /* Assets.xcassets in Resources */,
			);
			runOnlyForDeploymentPostprocessing = 0;
		};
		89A156071FA6486F0081035B /* Resources */ = {
			isa = PBXResourcesBuildPhase;
			buildActionMask = 2147483647;
			files = (
				89A1561A1FA6486F0081035B /* LaunchScreen.storyboard in Resources */,
				8940272B20296EDF003832B1 /* GoogleService-Info.plist in Resources */,
				89A156171FA6486F0081035B /* Assets.xcassets in Resources */,
				89A156121FA6486F0081035B /* Main.storyboard in Resources */,
			);
			runOnlyForDeploymentPostprocessing = 0;
		};
/* End PBXResourcesBuildPhase section */

/* Begin PBXShellScriptBuildPhase section */
		844160F0A33690408923189C /* [CP] Embed Pods Frameworks */ = {
			isa = PBXShellScriptBuildPhase;
			buildActionMask = 2147483647;
			files = (
			);
			inputPaths = (
				"${SRCROOT}/Pods/Target Support Files/Pods-GPSDataCollector/Pods-GPSDataCollector-frameworks.sh",
				"${BUILT_PRODUCTS_DIR}/Alamofire/Alamofire.framework",
				"${BUILT_PRODUCTS_DIR}/GTMSessionFetcher/GTMSessionFetcher.framework",
				"${BUILT_PRODUCTS_DIR}/GoogleToolboxForMac/GoogleToolboxForMac.framework",
				"${BUILT_PRODUCTS_DIR}/KRActivityIndicatorView/KRActivityIndicatorView.framework",
				"${BUILT_PRODUCTS_DIR}/KRProgressHUD/KRProgressHUD.framework",
				"${BUILT_PRODUCTS_DIR}/MarqueeLabel/MarqueeLabel.framework",
				"${BUILT_PRODUCTS_DIR}/SDWebImage/SDWebImage.framework",
				"${BUILT_PRODUCTS_DIR}/SwiftyJSON/SwiftyJSON.framework",
				"${BUILT_PRODUCTS_DIR}/nanopb/nanopb.framework",
			);
			name = "[CP] Embed Pods Frameworks";
			outputPaths = (
				"${TARGET_BUILD_DIR}/${FRAMEWORKS_FOLDER_PATH}/Alamofire.framework",
				"${TARGET_BUILD_DIR}/${FRAMEWORKS_FOLDER_PATH}/GTMSessionFetcher.framework",
				"${TARGET_BUILD_DIR}/${FRAMEWORKS_FOLDER_PATH}/GoogleToolboxForMac.framework",
				"${TARGET_BUILD_DIR}/${FRAMEWORKS_FOLDER_PATH}/KRActivityIndicatorView.framework",
				"${TARGET_BUILD_DIR}/${FRAMEWORKS_FOLDER_PATH}/KRProgressHUD.framework",
				"${TARGET_BUILD_DIR}/${FRAMEWORKS_FOLDER_PATH}/MarqueeLabel.framework",
				"${TARGET_BUILD_DIR}/${FRAMEWORKS_FOLDER_PATH}/SDWebImage.framework",
				"${TARGET_BUILD_DIR}/${FRAMEWORKS_FOLDER_PATH}/SwiftyJSON.framework",
				"${TARGET_BUILD_DIR}/${FRAMEWORKS_FOLDER_PATH}/nanopb.framework",
			);
			runOnlyForDeploymentPostprocessing = 0;
			shellPath = /bin/sh;
			shellScript = "\"${SRCROOT}/Pods/Target Support Files/Pods-GPSDataCollector/Pods-GPSDataCollector-frameworks.sh\"\n";
			showEnvVarsInLog = 0;
		};
		884F3E7DE34A8C1BC64AA0E7 /* [CP] Copy Pods Resources */ = {
			isa = PBXShellScriptBuildPhase;
			buildActionMask = 2147483647;
			files = (
			);
			inputPaths = (
			);
			name = "[CP] Copy Pods Resources";
			outputPaths = (
			);
			runOnlyForDeploymentPostprocessing = 0;
			shellPath = /bin/sh;
			shellScript = "\"${SRCROOT}/Pods/Target Support Files/Pods-GPSDataCollector/Pods-GPSDataCollector-resources.sh\"\n";
			showEnvVarsInLog = 0;
		};
		94C6ACE5C5397CB00A470969 /* [CP] Check Pods Manifest.lock */ = {
			isa = PBXShellScriptBuildPhase;
			buildActionMask = 2147483647;
			files = (
			);
			inputPaths = (
				"${PODS_PODFILE_DIR_PATH}/Podfile.lock",
				"${PODS_ROOT}/Manifest.lock",
			);
			name = "[CP] Check Pods Manifest.lock";
			outputPaths = (
				"$(DERIVED_FILE_DIR)/Pods-GPSDataCollector-checkManifestLockResult.txt",
			);
			runOnlyForDeploymentPostprocessing = 0;
			shellPath = /bin/sh;
			shellScript = "diff \"${PODS_PODFILE_DIR_PATH}/Podfile.lock\" \"${PODS_ROOT}/Manifest.lock\" > /dev/null\nif [ $? != 0 ] ; then\n    # print error to STDERR\n    echo \"error: The sandbox is not in sync with the Podfile.lock. Run 'pod install' or update your CocoaPods installation.\" >&2\n    exit 1\nfi\n# This output is used by Xcode 'outputs' to avoid re-running this script phase.\necho \"SUCCESS\" > \"${SCRIPT_OUTPUT_FILE_0}\"\n";
			showEnvVarsInLog = 0;
		};
/* End PBXShellScriptBuildPhase section */

/* Begin PBXSourcesBuildPhase section */
		89961805203BCB260055364A /* Sources */ = {
			isa = PBXSourcesBuildPhase;
			buildActionMask = 2147483647;
			files = (
				89631B65203E370C0063CCE0 /* StartVC.swift in Sources */,
				89961813203BCB260055364A /* NotificationController.swift in Sources */,
				89631B67203E72FE0063CCE0 /* TrackVC.swift in Sources */,
				89961811203BCB260055364A /* ExtensionDelegate.swift in Sources */,
				8994E1AA2069D22F0072DBF0 /* User.swift in Sources */,
				89631B69203E730F0063CCE0 /* MapWatchVC.swift in Sources */,
				891EE98220816277002099A2 /* EndScreenVC.swift in Sources */,
				8996180F203BCB260055364A /* InterfaceController.swift in Sources */,
				89961829203BE2720055364A /* WatchAppConstants.swift in Sources */,
			);
			runOnlyForDeploymentPostprocessing = 0;
		};
		89A156051FA6486F0081035B /* Sources */ = {
			isa = PBXSourcesBuildPhase;
			buildActionMask = 2147483647;
			files = (
				8994E1B02069F7780072DBF0 /* DataSource.swift in Sources */,
				89A1560F1FA6486F0081035B /* HomeVC.swift in Sources */,
				891322FE20575A15004B9C0D /* Constants.swift in Sources */,
				89348383208C2A5D003C8D1C /* SWRevealViewController.m in Sources */,
				8934837B208BB8FE003C8D1C /* UserProfileVC.swift in Sources */,
				89599A412086E33400DBA414 /* StartVC.swift in Sources */,
				8934837D208BCD5C003C8D1C /* Camera.swift in Sources */,
				89A156251FA64D170081035B /* MapVC.swift in Sources */,
				8994E1B22069F8410072DBF0 /* Event.swift in Sources */,
				8940272720296D5C003832B1 /* LogInInVC.swift in Sources */,
				89A1560D1FA6486F0081035B /* AppDelegate.swift in Sources */,
				8949A364206B3AE7007BC20E /* EventDetailVC.swift in Sources */,
				89599A3F2086E00D00DBA414 /* startAnimation.swift in Sources */,
				89348385208C2E1A003C8D1C /* SideVC.swift in Sources */,
				8934837F208BDFFA003C8D1C /* FancyImageView.swift in Sources */,
				891322FC205757C3004B9C0D /* UserClass.swift in Sources */,
				892A6726205A3A6300243972 /* FancyView.swift in Sources */,
				8940272920296D68003832B1 /* SignUPVC.swift in Sources */,
				89A156151FA6486F0081035B /* GPSDataCollector.xcdatamodeld in Sources */,
				8949A362206B2A59007BC20E /* Extensions and helpers.swift in Sources */,
				891322FA2057573E004B9C0D /* Authentication.swift in Sources */,
				8994E1AE2069F5F50072DBF0 /* AllEventsCell.swift in Sources */,
				892A6724205A3A4D00243972 /* FancyButton.swift in Sources */,
				8994E1AC2069F5BE0072DBF0 /* AllEventsVC.swift in Sources */,
			);
			runOnlyForDeploymentPostprocessing = 0;
		};
/* End PBXSourcesBuildPhase section */

/* Begin PBXTargetDependency section */
		8996180C203BCB260055364A /* PBXTargetDependency */ = {
			isa = PBXTargetDependency;
			target = 89961808203BCB260055364A /* RiderTrackWatchApp Extension */;
			targetProxy = 8996180B203BCB260055364A /* PBXContainerItemProxy */;
		};
		89961819203BCB260055364A /* PBXTargetDependency */ = {
			isa = PBXTargetDependency;
			target = 899617FC203BCB260055364A /* RiderTrackWatchApp */;
			targetProxy = 89961818203BCB260055364A /* PBXContainerItemProxy */;
		};
/* End PBXTargetDependency section */

/* Begin PBXVariantGroup section */
		899617FF203BCB260055364A /* Interface.storyboard */ = {
			isa = PBXVariantGroup;
			children = (
				89961800203BCB260055364A /* Base */,
			);
			name = Interface.storyboard;
			sourceTree = "<group>";
		};
		89A156101FA6486F0081035B /* Main.storyboard */ = {
			isa = PBXVariantGroup;
			children = (
				89A156111FA6486F0081035B /* Base */,
			);
			name = Main.storyboard;
			sourceTree = "<group>";
		};
		89A156181FA6486F0081035B /* LaunchScreen.storyboard */ = {
			isa = PBXVariantGroup;
			children = (
				89A156191FA6486F0081035B /* Base */,
			);
			name = LaunchScreen.storyboard;
			sourceTree = "<group>";
		};
/* End PBXVariantGroup section */

/* Begin XCBuildConfiguration section */
		8996181B203BCB260055364A /* Debug */ = {
			isa = XCBuildConfiguration;
			buildSettings = {
				ALWAYS_EMBED_SWIFT_STANDARD_LIBRARIES = YES;
				ASSETCATALOG_COMPILER_APPICON_NAME = AppIcon;
				CODE_SIGN_ENTITLEMENTS = RiderTrackWatchApp/RiderTrackWatchApp.entitlements;
				CODE_SIGN_STYLE = Automatic;
				DEVELOPMENT_TEAM = URC6LMYQPJ;
				IBSC_MODULE = RiderTrackWatchApp_Extension;
				INFOPLIST_FILE = RiderTrackWatchApp/Info.plist;
				PRODUCT_BUNDLE_IDENTIFIER = akilkumar.GPSDataCollector.watchkitapp;
				PRODUCT_NAME = "$(TARGET_NAME)";
				SDKROOT = watchos;
				SKIP_INSTALL = YES;
				SWIFT_VERSION = 4.0;
				TARGETED_DEVICE_FAMILY = 4;
				WATCHOS_DEPLOYMENT_TARGET = 4.2;
			};
			name = Debug;
		};
		8996181C203BCB260055364A /* Release */ = {
			isa = XCBuildConfiguration;
			buildSettings = {
				ALWAYS_EMBED_SWIFT_STANDARD_LIBRARIES = YES;
				ASSETCATALOG_COMPILER_APPICON_NAME = AppIcon;
				CODE_SIGN_ENTITLEMENTS = RiderTrackWatchApp/RiderTrackWatchApp.entitlements;
				CODE_SIGN_STYLE = Automatic;
				DEVELOPMENT_TEAM = URC6LMYQPJ;
				IBSC_MODULE = RiderTrackWatchApp_Extension;
				INFOPLIST_FILE = RiderTrackWatchApp/Info.plist;
				PRODUCT_BUNDLE_IDENTIFIER = akilkumar.GPSDataCollector.watchkitapp;
				PRODUCT_NAME = "$(TARGET_NAME)";
				SDKROOT = watchos;
				SKIP_INSTALL = YES;
				SWIFT_VERSION = 4.0;
				TARGETED_DEVICE_FAMILY = 4;
				WATCHOS_DEPLOYMENT_TARGET = 4.2;
			};
			name = Release;
		};
		8996181D203BCB260055364A /* Debug */ = {
			isa = XCBuildConfiguration;
			buildSettings = {
				ASSETCATALOG_COMPILER_COMPLICATION_NAME = Complication;
				CODE_SIGN_ENTITLEMENTS = "RiderTrackWatchApp Extension/RiderTrackWatchApp Extension.entitlements";
				CODE_SIGN_STYLE = Automatic;
				DEVELOPMENT_TEAM = URC6LMYQPJ;
				INFOPLIST_FILE = "RiderTrackWatchApp Extension/Info.plist";
				LD_RUNPATH_SEARCH_PATHS = "$(inherited) @executable_path/Frameworks @executable_path/../../Frameworks";
				PRODUCT_BUNDLE_IDENTIFIER = akilkumar.GPSDataCollector.watchkitapp.watchkitextension;
				PRODUCT_NAME = "${TARGET_NAME}";
				SDKROOT = watchos;
				SKIP_INSTALL = YES;
				SWIFT_VERSION = 4.0;
				TARGETED_DEVICE_FAMILY = 4;
				WATCHOS_DEPLOYMENT_TARGET = 4.2;
			};
			name = Debug;
		};
		8996181E203BCB260055364A /* Release */ = {
			isa = XCBuildConfiguration;
			buildSettings = {
				ASSETCATALOG_COMPILER_COMPLICATION_NAME = Complication;
				CODE_SIGN_ENTITLEMENTS = "RiderTrackWatchApp Extension/RiderTrackWatchApp Extension.entitlements";
				CODE_SIGN_STYLE = Automatic;
				DEVELOPMENT_TEAM = URC6LMYQPJ;
				INFOPLIST_FILE = "RiderTrackWatchApp Extension/Info.plist";
				LD_RUNPATH_SEARCH_PATHS = "$(inherited) @executable_path/Frameworks @executable_path/../../Frameworks";
				PRODUCT_BUNDLE_IDENTIFIER = akilkumar.GPSDataCollector.watchkitapp.watchkitextension;
				PRODUCT_NAME = "${TARGET_NAME}";
				SDKROOT = watchos;
				SKIP_INSTALL = YES;
				SWIFT_VERSION = 4.0;
				TARGETED_DEVICE_FAMILY = 4;
				WATCHOS_DEPLOYMENT_TARGET = 4.2;
			};
			name = Release;
		};
		89A1561C1FA6486F0081035B /* Debug */ = {
			isa = XCBuildConfiguration;
			buildSettings = {
				ALWAYS_SEARCH_USER_PATHS = NO;
				CLANG_ANALYZER_NONNULL = YES;
				CLANG_ANALYZER_NUMBER_OBJECT_CONVERSION = YES_AGGRESSIVE;
				CLANG_CXX_LANGUAGE_STANDARD = "gnu++14";
				CLANG_CXX_LIBRARY = "libc++";
				CLANG_ENABLE_MODULES = YES;
				CLANG_ENABLE_OBJC_ARC = YES;
				CLANG_WARN_BLOCK_CAPTURE_AUTORELEASING = YES;
				CLANG_WARN_BOOL_CONVERSION = YES;
				CLANG_WARN_COMMA = YES;
				CLANG_WARN_CONSTANT_CONVERSION = YES;
				CLANG_WARN_DEPRECATED_OBJC_IMPLEMENTATIONS = YES;
				CLANG_WARN_DIRECT_OBJC_ISA_USAGE = YES_ERROR;
				CLANG_WARN_DOCUMENTATION_COMMENTS = YES;
				CLANG_WARN_EMPTY_BODY = YES;
				CLANG_WARN_ENUM_CONVERSION = YES;
				CLANG_WARN_INFINITE_RECURSION = YES;
				CLANG_WARN_INT_CONVERSION = YES;
				CLANG_WARN_NON_LITERAL_NULL_CONVERSION = YES;
				CLANG_WARN_OBJC_IMPLICIT_RETAIN_SELF = YES;
				CLANG_WARN_OBJC_LITERAL_CONVERSION = YES;
				CLANG_WARN_OBJC_ROOT_CLASS = YES_ERROR;
				CLANG_WARN_RANGE_LOOP_ANALYSIS = YES;
				CLANG_WARN_STRICT_PROTOTYPES = YES;
				CLANG_WARN_SUSPICIOUS_MOVE = YES;
				CLANG_WARN_UNGUARDED_AVAILABILITY = YES_AGGRESSIVE;
				CLANG_WARN_UNREACHABLE_CODE = YES;
				CLANG_WARN__DUPLICATE_METHOD_MATCH = YES;
				CODE_SIGN_IDENTITY = "iPhone Developer";
				COPY_PHASE_STRIP = NO;
				DEBUG_INFORMATION_FORMAT = dwarf;
				ENABLE_STRICT_OBJC_MSGSEND = YES;
				ENABLE_TESTABILITY = YES;
				GCC_C_LANGUAGE_STANDARD = gnu11;
				GCC_DYNAMIC_NO_PIC = NO;
				GCC_NO_COMMON_BLOCKS = YES;
				GCC_OPTIMIZATION_LEVEL = 0;
				GCC_PREPROCESSOR_DEFINITIONS = (
					"DEBUG=1",
					"$(inherited)",
				);
				GCC_WARN_64_TO_32_BIT_CONVERSION = YES;
				GCC_WARN_ABOUT_RETURN_TYPE = YES_ERROR;
				GCC_WARN_UNDECLARED_SELECTOR = YES;
				GCC_WARN_UNINITIALIZED_AUTOS = YES_AGGRESSIVE;
				GCC_WARN_UNUSED_FUNCTION = YES;
				GCC_WARN_UNUSED_VARIABLE = YES;
				IPHONEOS_DEPLOYMENT_TARGET = 11.0;
				MTL_ENABLE_DEBUG_INFO = YES;
				ONLY_ACTIVE_ARCH = YES;
				SDKROOT = iphoneos;
				SWIFT_ACTIVE_COMPILATION_CONDITIONS = DEBUG;
				SWIFT_OPTIMIZATION_LEVEL = "-Onone";
			};
			name = Debug;
		};
		89A1561D1FA6486F0081035B /* Release */ = {
			isa = XCBuildConfiguration;
			buildSettings = {
				ALWAYS_SEARCH_USER_PATHS = NO;
				CLANG_ANALYZER_NONNULL = YES;
				CLANG_ANALYZER_NUMBER_OBJECT_CONVERSION = YES_AGGRESSIVE;
				CLANG_CXX_LANGUAGE_STANDARD = "gnu++14";
				CLANG_CXX_LIBRARY = "libc++";
				CLANG_ENABLE_MODULES = YES;
				CLANG_ENABLE_OBJC_ARC = YES;
				CLANG_WARN_BLOCK_CAPTURE_AUTORELEASING = YES;
				CLANG_WARN_BOOL_CONVERSION = YES;
				CLANG_WARN_COMMA = YES;
				CLANG_WARN_CONSTANT_CONVERSION = YES;
				CLANG_WARN_DEPRECATED_OBJC_IMPLEMENTATIONS = YES;
				CLANG_WARN_DIRECT_OBJC_ISA_USAGE = YES_ERROR;
				CLANG_WARN_DOCUMENTATION_COMMENTS = YES;
				CLANG_WARN_EMPTY_BODY = YES;
				CLANG_WARN_ENUM_CONVERSION = YES;
				CLANG_WARN_INFINITE_RECURSION = YES;
				CLANG_WARN_INT_CONVERSION = YES;
				CLANG_WARN_NON_LITERAL_NULL_CONVERSION = YES;
				CLANG_WARN_OBJC_IMPLICIT_RETAIN_SELF = YES;
				CLANG_WARN_OBJC_LITERAL_CONVERSION = YES;
				CLANG_WARN_OBJC_ROOT_CLASS = YES_ERROR;
				CLANG_WARN_RANGE_LOOP_ANALYSIS = YES;
				CLANG_WARN_STRICT_PROTOTYPES = YES;
				CLANG_WARN_SUSPICIOUS_MOVE = YES;
				CLANG_WARN_UNGUARDED_AVAILABILITY = YES_AGGRESSIVE;
				CLANG_WARN_UNREACHABLE_CODE = YES;
				CLANG_WARN__DUPLICATE_METHOD_MATCH = YES;
				CODE_SIGN_IDENTITY = "iPhone Developer";
				COPY_PHASE_STRIP = NO;
				DEBUG_INFORMATION_FORMAT = "dwarf-with-dsym";
				ENABLE_NS_ASSERTIONS = NO;
				ENABLE_STRICT_OBJC_MSGSEND = YES;
				GCC_C_LANGUAGE_STANDARD = gnu11;
				GCC_NO_COMMON_BLOCKS = YES;
				GCC_WARN_64_TO_32_BIT_CONVERSION = YES;
				GCC_WARN_ABOUT_RETURN_TYPE = YES_ERROR;
				GCC_WARN_UNDECLARED_SELECTOR = YES;
				GCC_WARN_UNINITIALIZED_AUTOS = YES_AGGRESSIVE;
				GCC_WARN_UNUSED_FUNCTION = YES;
				GCC_WARN_UNUSED_VARIABLE = YES;
				IPHONEOS_DEPLOYMENT_TARGET = 11.0;
				MTL_ENABLE_DEBUG_INFO = NO;
				SDKROOT = iphoneos;
				SWIFT_OPTIMIZATION_LEVEL = "-Owholemodule";
				VALIDATE_PRODUCT = YES;
			};
			name = Release;
		};
		89A1561F1FA6486F0081035B /* Debug */ = {
			isa = XCBuildConfiguration;
			baseConfigurationReference = A6DB647D7CC5B187DBEFFFAD /* Pods-GPSDataCollector.debug.xcconfig */;
			buildSettings = {
				ASSETCATALOG_COMPILER_APPICON_NAME = AppIcon;
				CLANG_ENABLE_MODULES = YES;
				CODE_SIGN_ENTITLEMENTS = GPSDataCollector/GPSDataCollector.entitlements;
				CODE_SIGN_STYLE = Automatic;
				DEVELOPMENT_TEAM = URC6LMYQPJ;
				INFOPLIST_FILE = GPSDataCollector/Info.plist;
				LD_RUNPATH_SEARCH_PATHS = "$(inherited) @executable_path/Frameworks";
				PRODUCT_BUNDLE_IDENTIFIER = akilkumar.GPSDataCollector;
				PRODUCT_NAME = "$(TARGET_NAME)";
				SWIFT_OBJC_BRIDGING_HEADER = "GPSDataCollector/Utilities/GPSDataCollector-Bridging-Header.h";
				SWIFT_OPTIMIZATION_LEVEL = "-Onone";
				SWIFT_VERSION = 4.0;
				TARGETED_DEVICE_FAMILY = 1;
			};
			name = Debug;
		};
		89A156201FA6486F0081035B /* Release */ = {
			isa = XCBuildConfiguration;
			baseConfigurationReference = 61F5C9D2D8CE4E6DAD0D2CEA /* Pods-GPSDataCollector.release.xcconfig */;
			buildSettings = {
				ASSETCATALOG_COMPILER_APPICON_NAME = AppIcon;
				CLANG_ENABLE_MODULES = YES;
				CODE_SIGN_ENTITLEMENTS = GPSDataCollector/GPSDataCollector.entitlements;
				CODE_SIGN_STYLE = Automatic;
				DEVELOPMENT_TEAM = URC6LMYQPJ;
				INFOPLIST_FILE = GPSDataCollector/Info.plist;
				LD_RUNPATH_SEARCH_PATHS = "$(inherited) @executable_path/Frameworks";
				PRODUCT_BUNDLE_IDENTIFIER = akilkumar.GPSDataCollector;
				PRODUCT_NAME = "$(TARGET_NAME)";
				SWIFT_OBJC_BRIDGING_HEADER = "GPSDataCollector/Utilities/GPSDataCollector-Bridging-Header.h";
				SWIFT_VERSION = 4.0;
				TARGETED_DEVICE_FAMILY = 1;
			};
			name = Release;
		};
/* End XCBuildConfiguration section */

/* Begin XCConfigurationList section */
		8996181F203BCB260055364A /* Build configuration list for PBXNativeTarget "RiderTrackWatchApp Extension" */ = {
			isa = XCConfigurationList;
			buildConfigurations = (
				8996181D203BCB260055364A /* Debug */,
				8996181E203BCB260055364A /* Release */,
			);
			defaultConfigurationIsVisible = 0;
			defaultConfigurationName = Release;
		};
		89961821203BCB260055364A /* Build configuration list for PBXNativeTarget "RiderTrackWatchApp" */ = {
			isa = XCConfigurationList;
			buildConfigurations = (
				8996181B203BCB260055364A /* Debug */,
				8996181C203BCB260055364A /* Release */,
			);
			defaultConfigurationIsVisible = 0;
			defaultConfigurationName = Release;
		};
		89A156041FA6486F0081035B /* Build configuration list for PBXProject "GPSDataCollector" */ = {
			isa = XCConfigurationList;
			buildConfigurations = (
				89A1561C1FA6486F0081035B /* Debug */,
				89A1561D1FA6486F0081035B /* Release */,
			);
			defaultConfigurationIsVisible = 0;
			defaultConfigurationName = Release;
		};
		89A1561E1FA6486F0081035B /* Build configuration list for PBXNativeTarget "GPSDataCollector" */ = {
			isa = XCConfigurationList;
			buildConfigurations = (
				89A1561F1FA6486F0081035B /* Debug */,
				89A156201FA6486F0081035B /* Release */,
			);
			defaultConfigurationIsVisible = 0;
			defaultConfigurationName = Release;
		};
/* End XCConfigurationList section */

/* Begin XCVersionGroup section */
		89A156131FA6486F0081035B /* GPSDataCollector.xcdatamodeld */ = {
			isa = XCVersionGroup;
			children = (
				89A156141FA6486F0081035B /* GPSDataCollector.xcdatamodel */,
			);
			currentVersion = 89A156141FA6486F0081035B /* GPSDataCollector.xcdatamodel */;
			path = GPSDataCollector.xcdatamodeld;
			sourceTree = "<group>";
			versionGroupType = wrapper.xcdatamodel;
		};
/* End XCVersionGroup section */
	};
	rootObject = 89A156011FA6486F0081035B /* Project object */;
}
