// !$*UTF8*$!
{
	archiveVersion = 1;
	classes = {
	};
	objectVersion = 48;
	objects = {

/* Begin PBXBuildFile section */
		38441A8DDC2F635130EB17AB /* Pods_GPSDataCollector.framework in Frameworks */ = {isa = PBXBuildFile; fileRef = A2B5EBACDB4CE42A1273AFD6 /* Pods_GPSDataCollector.framework */; };
		8940272720296D5C003832B1 /* LogInInVC.swift in Sources */ = {isa = PBXBuildFile; fileRef = 8940272620296D5C003832B1 /* LogInInVC.swift */; };
		8940272920296D68003832B1 /* SignUPVC.swift in Sources */ = {isa = PBXBuildFile; fileRef = 8940272820296D68003832B1 /* SignUPVC.swift */; };
		8940272B20296EDF003832B1 /* GoogleService-Info.plist in Resources */ = {isa = PBXBuildFile; fileRef = 8940272A20296EDF003832B1 /* GoogleService-Info.plist */; };
		89A1560D1FA6486F0081035B /* AppDelegate.swift in Sources */ = {isa = PBXBuildFile; fileRef = 89A1560C1FA6486F0081035B /* AppDelegate.swift */; };
		89A1560F1FA6486F0081035B /* HomeVC.swift in Sources */ = {isa = PBXBuildFile; fileRef = 89A1560E1FA6486F0081035B /* HomeVC.swift */; };
		89A156121FA6486F0081035B /* Main.storyboard in Resources */ = {isa = PBXBuildFile; fileRef = 89A156101FA6486F0081035B /* Main.storyboard */; };
		89A156151FA6486F0081035B /* GPSDataCollector.xcdatamodeld in Sources */ = {isa = PBXBuildFile; fileRef = 89A156131FA6486F0081035B /* GPSDataCollector.xcdatamodeld */; };
		89A156171FA6486F0081035B /* Assets.xcassets in Resources */ = {isa = PBXBuildFile; fileRef = 89A156161FA6486F0081035B /* Assets.xcassets */; };
		89A1561A1FA6486F0081035B /* LaunchScreen.storyboard in Resources */ = {isa = PBXBuildFile; fileRef = 89A156181FA6486F0081035B /* LaunchScreen.storyboard */; };
		89A156251FA64D170081035B /* MapVC.swift in Sources */ = {isa = PBXBuildFile; fileRef = 89A156241FA64D170081035B /* MapVC.swift */; };
/* End PBXBuildFile section */

/* Begin PBXFileReference section */
		61F5C9D2D8CE4E6DAD0D2CEA /* Pods-GPSDataCollector.release.xcconfig */ = {isa = PBXFileReference; includeInIndex = 1; lastKnownFileType = text.xcconfig; name = "Pods-GPSDataCollector.release.xcconfig"; path = "Pods/Target Support Files/Pods-GPSDataCollector/Pods-GPSDataCollector.release.xcconfig"; sourceTree = "<group>"; };
		8940272620296D5C003832B1 /* LogInInVC.swift */ = {isa = PBXFileReference; lastKnownFileType = sourcecode.swift; path = LogInInVC.swift; sourceTree = "<group>"; };
		8940272820296D68003832B1 /* SignUPVC.swift */ = {isa = PBXFileReference; lastKnownFileType = sourcecode.swift; path = SignUPVC.swift; sourceTree = "<group>"; };
		8940272A20296EDF003832B1 /* GoogleService-Info.plist */ = {isa = PBXFileReference; fileEncoding = 4; lastKnownFileType = text.plist.xml; path = "GoogleService-Info.plist"; sourceTree = "<group>"; };
		89A156091FA6486F0081035B /* GPSDataCollector.app */ = {isa = PBXFileReference; explicitFileType = wrapper.application; includeInIndex = 0; path = GPSDataCollector.app; sourceTree = BUILT_PRODUCTS_DIR; };
		89A1560C1FA6486F0081035B /* AppDelegate.swift */ = {isa = PBXFileReference; lastKnownFileType = sourcecode.swift; path = AppDelegate.swift; sourceTree = "<group>"; };
		89A1560E1FA6486F0081035B /* HomeVC.swift */ = {isa = PBXFileReference; lastKnownFileType = sourcecode.swift; path = HomeVC.swift; sourceTree = "<group>"; };
		89A156111FA6486F0081035B /* Base */ = {isa = PBXFileReference; lastKnownFileType = file.storyboard; name = Base; path = Base.lproj/Main.storyboard; sourceTree = "<group>"; };
		89A156141FA6486F0081035B /* GPSDataCollector.xcdatamodel */ = {isa = PBXFileReference; lastKnownFileType = wrapper.xcdatamodel; path = GPSDataCollector.xcdatamodel; sourceTree = "<group>"; };
		89A156161FA6486F0081035B /* Assets.xcassets */ = {isa = PBXFileReference; lastKnownFileType = folder.assetcatalog; path = Assets.xcassets; sourceTree = "<group>"; };
		89A156191FA6486F0081035B /* Base */ = {isa = PBXFileReference; lastKnownFileType = file.storyboard; name = Base; path = Base.lproj/LaunchScreen.storyboard; sourceTree = "<group>"; };
		89A1561B1FA6486F0081035B /* Info.plist */ = {isa = PBXFileReference; lastKnownFileType = text.plist.xml; path = Info.plist; sourceTree = "<group>"; };
		89A156241FA64D170081035B /* MapVC.swift */ = {isa = PBXFileReference; lastKnownFileType = sourcecode.swift; path = MapVC.swift; sourceTree = "<group>"; };
		A2B5EBACDB4CE42A1273AFD6 /* Pods_GPSDataCollector.framework */ = {isa = PBXFileReference; explicitFileType = wrapper.framework; includeInIndex = 0; path = Pods_GPSDataCollector.framework; sourceTree = BUILT_PRODUCTS_DIR; };
		A6DB647D7CC5B187DBEFFFAD /* Pods-GPSDataCollector.debug.xcconfig */ = {isa = PBXFileReference; includeInIndex = 1; lastKnownFileType = text.xcconfig; name = "Pods-GPSDataCollector.debug.xcconfig"; path = "Pods/Target Support Files/Pods-GPSDataCollector/Pods-GPSDataCollector.debug.xcconfig"; sourceTree = "<group>"; };
/* End PBXFileReference section */

/* Begin PBXFrameworksBuildPhase section */
		89A156061FA6486F0081035B /* Frameworks */ = {
			isa = PBXFrameworksBuildPhase;
			buildActionMask = 2147483647;
			files = (
				38441A8DDC2F635130EB17AB /* Pods_GPSDataCollector.framework in Frameworks */,
			);
			runOnlyForDeploymentPostprocessing = 0;
		};
/* End PBXFrameworksBuildPhase section */

/* Begin PBXGroup section */
		37FDB8BFF1FA27AD719AF6F0 /* Frameworks */ = {
			isa = PBXGroup;
			children = (
				A2B5EBACDB4CE42A1273AFD6 /* Pods_GPSDataCollector.framework */,
			);
			name = Frameworks;
			sourceTree = "<group>";
		};
		6F9C4A36E8C0AEA8FA0C32F8 /* Pods */ = {
			isa = PBXGroup;
			children = (
				A6DB647D7CC5B187DBEFFFAD /* Pods-GPSDataCollector.debug.xcconfig */,
				61F5C9D2D8CE4E6DAD0D2CEA /* Pods-GPSDataCollector.release.xcconfig */,
			);
			name = Pods;
			sourceTree = "<group>";
		};
		89A156001FA6486F0081035B = {
			isa = PBXGroup;
			children = (
				89A1560B1FA6486F0081035B /* GPSDataCollector */,
				89A1560A1FA6486F0081035B /* Products */,
				6F9C4A36E8C0AEA8FA0C32F8 /* Pods */,
				37FDB8BFF1FA27AD719AF6F0 /* Frameworks */,
			);
			sourceTree = "<group>";
		};
		89A1560A1FA6486F0081035B /* Products */ = {
			isa = PBXGroup;
			children = (
				89A156091FA6486F0081035B /* GPSDataCollector.app */,
			);
			name = Products;
			sourceTree = "<group>";
		};
		89A1560B1FA6486F0081035B /* GPSDataCollector */ = {
			isa = PBXGroup;
			children = (
				89A156231FA64CBD0081035B /* Model */,
				89A156221FA64CBB0081035B /* View */,
				89A156211FA64CB80081035B /* Controller */,
				89A1560C1FA6486F0081035B /* AppDelegate.swift */,
				89A156101FA6486F0081035B /* Main.storyboard */,
				89A156161FA6486F0081035B /* Assets.xcassets */,
				89A156181FA6486F0081035B /* LaunchScreen.storyboard */,
				89A1561B1FA6486F0081035B /* Info.plist */,
				89A156131FA6486F0081035B /* GPSDataCollector.xcdatamodeld */,
				8940272A20296EDF003832B1 /* GoogleService-Info.plist */,
			);
			path = GPSDataCollector;
			sourceTree = "<group>";
		};
		89A156211FA64CB80081035B /* Controller */ = {
			isa = PBXGroup;
			children = (
				89A1560E1FA6486F0081035B /* HomeVC.swift */,
				89A156241FA64D170081035B /* MapVC.swift */,
				8940272620296D5C003832B1 /* LogInInVC.swift */,
				8940272820296D68003832B1 /* SignUPVC.swift */,
			);
			path = Controller;
			sourceTree = "<group>";
		};
		89A156221FA64CBB0081035B /* View */ = {
			isa = PBXGroup;
			children = (
			);
			path = View;
			sourceTree = "<group>";
		};
		89A156231FA64CBD0081035B /* Model */ = {
			isa = PBXGroup;
			children = (
			);
			path = Model;
			sourceTree = "<group>";
		};
/* End PBXGroup section */

/* Begin PBXNativeTarget section */
		89A156081FA6486F0081035B /* GPSDataCollector */ = {
			isa = PBXNativeTarget;
			buildConfigurationList = 89A1561E1FA6486F0081035B /* Build configuration list for PBXNativeTarget "GPSDataCollector" */;
			buildPhases = (
				94C6ACE5C5397CB00A470969 /* [CP] Check Pods Manifest.lock */,
				89A156051FA6486F0081035B /* Sources */,
				89A156061FA6486F0081035B /* Frameworks */,
				89A156071FA6486F0081035B /* Resources */,
				844160F0A33690408923189C /* [CP] Embed Pods Frameworks */,
				884F3E7DE34A8C1BC64AA0E7 /* [CP] Copy Pods Resources */,
			);
			buildRules = (
			);
			dependencies = (
			);
			name = GPSDataCollector;
			productName = GPSDataCollector;
			productReference = 89A156091FA6486F0081035B /* GPSDataCollector.app */;
			productType = "com.apple.product-type.application";
		};
/* End PBXNativeTarget section */

/* Begin PBXProject section */
		89A156011FA6486F0081035B /* Project object */ = {
			isa = PBXProject;
			attributes = {
				LastSwiftUpdateCheck = 0900;
				LastUpgradeCheck = 0900;
				ORGANIZATIONNAME = "AKIL KUMAR THOTA";
				TargetAttributes = {
					89A156081FA6486F0081035B = {
						CreatedOnToolsVersion = 9.0.1;
						ProvisioningStyle = Automatic;
						SystemCapabilities = {
							com.apple.BackgroundModes = {
								enabled = 1;
							};
						};
					};
				};
			};
			buildConfigurationList = 89A156041FA6486F0081035B /* Build configuration list for PBXProject "GPSDataCollector" */;
			compatibilityVersion = "Xcode 8.0";
			developmentRegion = en;
			hasScannedForEncodings = 0;
			knownRegions = (
				en,
				Base,
			);
			mainGroup = 89A156001FA6486F0081035B;
			productRefGroup = 89A1560A1FA6486F0081035B /* Products */;
			projectDirPath = "";
			projectRoot = "";
			targets = (
				89A156081FA6486F0081035B /* GPSDataCollector */,
			);
		};
/* End PBXProject section */

/* Begin PBXResourcesBuildPhase section */
		89A156071FA6486F0081035B /* Resources */ = {
			isa = PBXResourcesBuildPhase;
			buildActionMask = 2147483647;
			files = (
				89A1561A1FA6486F0081035B /* LaunchScreen.storyboard in Resources */,
				8940272B20296EDF003832B1 /* GoogleService-Info.plist in Resources */,
				89A156171FA6486F0081035B /* Assets.xcassets in Resources */,
				89A156121FA6486F0081035B /* Main.storyboard in Resources */,
			);
			runOnlyForDeploymentPostprocessing = 0;
		};
/* End PBXResourcesBuildPhase section */

/* Begin PBXShellScriptBuildPhase section */
		844160F0A33690408923189C /* [CP] Embed Pods Frameworks */ = {
			isa = PBXShellScriptBuildPhase;
			buildActionMask = 2147483647;
			files = (
			);
			inputPaths = (
				"${SRCROOT}/Pods/Target Support Files/Pods-GPSDataCollector/Pods-GPSDataCollector-frameworks.sh",
				"${BUILT_PRODUCTS_DIR}/GTMSessionFetcher/GTMSessionFetcher.framework",
				"${BUILT_PRODUCTS_DIR}/GoogleToolboxForMac/GoogleToolboxForMac.framework",
				"${BUILT_PRODUCTS_DIR}/nanopb/nanopb.framework",
			);
			name = "[CP] Embed Pods Frameworks";
			outputPaths = (
				"${TARGET_BUILD_DIR}/${FRAMEWORKS_FOLDER_PATH}/GTMSessionFetcher.framework",
				"${TARGET_BUILD_DIR}/${FRAMEWORKS_FOLDER_PATH}/GoogleToolboxForMac.framework",
				"${TARGET_BUILD_DIR}/${FRAMEWORKS_FOLDER_PATH}/nanopb.framework",
			);
			runOnlyForDeploymentPostprocessing = 0;
			shellPath = /bin/sh;
			shellScript = "\"${SRCROOT}/Pods/Target Support Files/Pods-GPSDataCollector/Pods-GPSDataCollector-frameworks.sh\"\n";
			showEnvVarsInLog = 0;
		};
		884F3E7DE34A8C1BC64AA0E7 /* [CP] Copy Pods Resources */ = {
			isa = PBXShellScriptBuildPhase;
			buildActionMask = 2147483647;
			files = (
			);
			inputPaths = (
			);
			name = "[CP] Copy Pods Resources";
			outputPaths = (
			);
			runOnlyForDeploymentPostprocessing = 0;
			shellPath = /bin/sh;
			shellScript = "\"${SRCROOT}/Pods/Target Support Files/Pods-GPSDataCollector/Pods-GPSDataCollector-resources.sh\"\n";
			showEnvVarsInLog = 0;
		};
		94C6ACE5C5397CB00A470969 /* [CP] Check Pods Manifest.lock */ = {
			isa = PBXShellScriptBuildPhase;
			buildActionMask = 2147483647;
			files = (
			);
			inputPaths = (
				"${PODS_PODFILE_DIR_PATH}/Podfile.lock",
				"${PODS_ROOT}/Manifest.lock",
			);
			name = "[CP] Check Pods Manifest.lock";
			outputPaths = (
				"$(DERIVED_FILE_DIR)/Pods-GPSDataCollector-checkManifestLockResult.txt",
			);
			runOnlyForDeploymentPostprocessing = 0;
			shellPath = /bin/sh;
			shellScript = "diff \"${PODS_PODFILE_DIR_PATH}/Podfile.lock\" \"${PODS_ROOT}/Manifest.lock\" > /dev/null\nif [ $? != 0 ] ; then\n    # print error to STDERR\n    echo \"error: The sandbox is not in sync with the Podfile.lock. Run 'pod install' or update your CocoaPods installation.\" >&2\n    exit 1\nfi\n# This output is used by Xcode 'outputs' to avoid re-running this script phase.\necho \"SUCCESS\" > \"${SCRIPT_OUTPUT_FILE_0}\"\n";
			showEnvVarsInLog = 0;
		};
/* End PBXShellScriptBuildPhase section */

/* Begin PBXSourcesBuildPhase section */
		89A156051FA6486F0081035B /* Sources */ = {
			isa = PBXSourcesBuildPhase;
			buildActionMask = 2147483647;
			files = (
				89A1560F1FA6486F0081035B /* HomeVC.swift in Sources */,
				89A156251FA64D170081035B /* MapVC.swift in Sources */,
				8940272720296D5C003832B1 /* LogInInVC.swift in Sources */,
				89A1560D1FA6486F0081035B /* AppDelegate.swift in Sources */,
				8940272920296D68003832B1 /* SignUPVC.swift in Sources */,
				89A156151FA6486F0081035B /* GPSDataCollector.xcdatamodeld in Sources */,
			);
			runOnlyForDeploymentPostprocessing = 0;
		};
/* End PBXSourcesBuildPhase section */

/* Begin PBXVariantGroup section */
		89A156101FA6486F0081035B /* Main.storyboard */ = {
			isa = PBXVariantGroup;
			children = (
				89A156111FA6486F0081035B /* Base */,
			);
			name = Main.storyboard;
			sourceTree = "<group>";
		};
		89A156181FA6486F0081035B /* LaunchScreen.storyboard */ = {
			isa = PBXVariantGroup;
			children = (
				89A156191FA6486F0081035B /* Base */,
			);
			name = LaunchScreen.storyboard;
			sourceTree = "<group>";
		};
/* End PBXVariantGroup section */

/* Begin XCBuildConfiguration section */
		89A1561C1FA6486F0081035B /* Debug */ = {
			isa = XCBuildConfiguration;
			buildSettings = {
				ALWAYS_SEARCH_USER_PATHS = NO;
				CLANG_ANALYZER_NONNULL = YES;
				CLANG_ANALYZER_NUMBER_OBJECT_CONVERSION = YES_AGGRESSIVE;
				CLANG_CXX_LANGUAGE_STANDARD = "gnu++14";
				CLANG_CXX_LIBRARY = "libc++";
				CLANG_ENABLE_MODULES = YES;
				CLANG_ENABLE_OBJC_ARC = YES;
				CLANG_WARN_BLOCK_CAPTURE_AUTORELEASING = YES;
				CLANG_WARN_BOOL_CONVERSION = YES;
				CLANG_WARN_COMMA = YES;
				CLANG_WARN_CONSTANT_CONVERSION = YES;
				CLANG_WARN_DIRECT_OBJC_ISA_USAGE = YES_ERROR;
				CLANG_WARN_DOCUMENTATION_COMMENTS = YES;
				CLANG_WARN_EMPTY_BODY = YES;
				CLANG_WARN_ENUM_CONVERSION = YES;
				CLANG_WARN_INFINITE_RECURSION = YES;
				CLANG_WARN_INT_CONVERSION = YES;
				CLANG_WARN_NON_LITERAL_NULL_CONVERSION = YES;
				CLANG_WARN_OBJC_LITERAL_CONVERSION = YES;
				CLANG_WARN_OBJC_ROOT_CLASS = YES_ERROR;
				CLANG_WARN_RANGE_LOOP_ANALYSIS = YES;
				CLANG_WARN_STRICT_PROTOTYPES = YES;
				CLANG_WARN_SUSPICIOUS_MOVE = YES;
				CLANG_WARN_UNGUARDED_AVAILABILITY = YES_AGGRESSIVE;
				CLANG_WARN_UNREACHABLE_CODE = YES;
				CLANG_WARN__DUPLICATE_METHOD_MATCH = YES;
				CODE_SIGN_IDENTITY = "iPhone Developer";
				COPY_PHASE_STRIP = NO;
				DEBUG_INFORMATION_FORMAT = dwarf;
				ENABLE_STRICT_OBJC_MSGSEND = YES;
				ENABLE_TESTABILITY = YES;
				GCC_C_LANGUAGE_STANDARD = gnu11;
				GCC_DYNAMIC_NO_PIC = NO;
				GCC_NO_COMMON_BLOCKS = YES;
				GCC_OPTIMIZATION_LEVEL = 0;
				GCC_PREPROCESSOR_DEFINITIONS = (
					"DEBUG=1",
					"$(inherited)",
				);
				GCC_WARN_64_TO_32_BIT_CONVERSION = YES;
				GCC_WARN_ABOUT_RETURN_TYPE = YES_ERROR;
				GCC_WARN_UNDECLARED_SELECTOR = YES;
				GCC_WARN_UNINITIALIZED_AUTOS = YES_AGGRESSIVE;
				GCC_WARN_UNUSED_FUNCTION = YES;
				GCC_WARN_UNUSED_VARIABLE = YES;
				IPHONEOS_DEPLOYMENT_TARGET = 11.0;
				MTL_ENABLE_DEBUG_INFO = YES;
				ONLY_ACTIVE_ARCH = YES;
				SDKROOT = iphoneos;
				SWIFT_ACTIVE_COMPILATION_CONDITIONS = DEBUG;
				SWIFT_OPTIMIZATION_LEVEL = "-Onone";
			};
			name = Debug;
		};
		89A1561D1FA6486F0081035B /* Release */ = {
			isa = XCBuildConfiguration;
			buildSettings = {
				ALWAYS_SEARCH_USER_PATHS = NO;
				CLANG_ANALYZER_NONNULL = YES;
				CLANG_ANALYZER_NUMBER_OBJECT_CONVERSION = YES_AGGRESSIVE;
				CLANG_CXX_LANGUAGE_STANDARD = "gnu++14";
				CLANG_CXX_LIBRARY = "libc++";
				CLANG_ENABLE_MODULES = YES;
				CLANG_ENABLE_OBJC_ARC = YES;
				CLANG_WARN_BLOCK_CAPTURE_AUTORELEASING = YES;
				CLANG_WARN_BOOL_CONVERSION = YES;
				CLANG_WARN_COMMA = YES;
				CLANG_WARN_CONSTANT_CONVERSION = YES;
				CLANG_WARN_DIRECT_OBJC_ISA_USAGE = YES_ERROR;
				CLANG_WARN_DOCUMENTATION_COMMENTS = YES;
				CLANG_WARN_EMPTY_BODY = YES;
				CLANG_WARN_ENUM_CONVERSION = YES;
				CLANG_WARN_INFINITE_RECURSION = YES;
				CLANG_WARN_INT_CONVERSION = YES;
				CLANG_WARN_NON_LITERAL_NULL_CONVERSION = YES;
				CLANG_WARN_OBJC_LITERAL_CONVERSION = YES;
				CLANG_WARN_OBJC_ROOT_CLASS = YES_ERROR;
				CLANG_WARN_RANGE_LOOP_ANALYSIS = YES;
				CLANG_WARN_STRICT_PROTOTYPES = YES;
				CLANG_WARN_SUSPICIOUS_MOVE = YES;
				CLANG_WARN_UNGUARDED_AVAILABILITY = YES_AGGRESSIVE;
				CLANG_WARN_UNREACHABLE_CODE = YES;
				CLANG_WARN__DUPLICATE_METHOD_MATCH = YES;
				CODE_SIGN_IDENTITY = "iPhone Developer";
				COPY_PHASE_STRIP = NO;
				DEBUG_INFORMATION_FORMAT = "dwarf-with-dsym";
				ENABLE_NS_ASSERTIONS = NO;
				ENABLE_STRICT_OBJC_MSGSEND = YES;
				GCC_C_LANGUAGE_STANDARD = gnu11;
				GCC_NO_COMMON_BLOCKS = YES;
				GCC_WARN_64_TO_32_BIT_CONVERSION = YES;
				GCC_WARN_ABOUT_RETURN_TYPE = YES_ERROR;
				GCC_WARN_UNDECLARED_SELECTOR = YES;
				GCC_WARN_UNINITIALIZED_AUTOS = YES_AGGRESSIVE;
				GCC_WARN_UNUSED_FUNCTION = YES;
				GCC_WARN_UNUSED_VARIABLE = YES;
				IPHONEOS_DEPLOYMENT_TARGET = 11.0;
				MTL_ENABLE_DEBUG_INFO = NO;
				SDKROOT = iphoneos;
				SWIFT_OPTIMIZATION_LEVEL = "-Owholemodule";
				VALIDATE_PRODUCT = YES;
			};
			name = Release;
		};
		89A1561F1FA6486F0081035B /* Debug */ = {
			isa = XCBuildConfiguration;
			baseConfigurationReference = A6DB647D7CC5B187DBEFFFAD /* Pods-GPSDataCollector.debug.xcconfig */;
			buildSettings = {
				ASSETCATALOG_COMPILER_APPICON_NAME = AppIcon;
				CODE_SIGN_STYLE = Automatic;
				INFOPLIST_FILE = GPSDataCollector/Info.plist;
				LD_RUNPATH_SEARCH_PATHS = "$(inherited) @executable_path/Frameworks";
				PRODUCT_BUNDLE_IDENTIFIER = akilkumar.GPSDataCollector;
				PRODUCT_NAME = "$(TARGET_NAME)";
				SWIFT_VERSION = 4.0;
				TARGETED_DEVICE_FAMILY = "1,2";
			};
			name = Debug;
		};
		89A156201FA6486F0081035B /* Release */ = {
			isa = XCBuildConfiguration;
			baseConfigurationReference = 61F5C9D2D8CE4E6DAD0D2CEA /* Pods-GPSDataCollector.release.xcconfig */;
			buildSettings = {
				ASSETCATALOG_COMPILER_APPICON_NAME = AppIcon;
				CODE_SIGN_STYLE = Automatic;
				INFOPLIST_FILE = GPSDataCollector/Info.plist;
				LD_RUNPATH_SEARCH_PATHS = "$(inherited) @executable_path/Frameworks";
				PRODUCT_BUNDLE_IDENTIFIER = akilkumar.GPSDataCollector;
				PRODUCT_NAME = "$(TARGET_NAME)";
				SWIFT_VERSION = 4.0;
				TARGETED_DEVICE_FAMILY = "1,2";
			};
			name = Release;
		};
/* End XCBuildConfiguration section */

/* Begin XCConfigurationList section */
		89A156041FA6486F0081035B /* Build configuration list for PBXProject "GPSDataCollector" */ = {
			isa = XCConfigurationList;
			buildConfigurations = (
				89A1561C1FA6486F0081035B /* Debug */,
				89A1561D1FA6486F0081035B /* Release */,
			);
			defaultConfigurationIsVisible = 0;
			defaultConfigurationName = Release;
		};
		89A1561E1FA6486F0081035B /* Build configuration list for PBXNativeTarget "GPSDataCollector" */ = {
			isa = XCConfigurationList;
			buildConfigurations = (
				89A1561F1FA6486F0081035B /* Debug */,
				89A156201FA6486F0081035B /* Release */,
			);
			defaultConfigurationIsVisible = 0;
			defaultConfigurationName = Release;
		};
/* End XCConfigurationList section */

/* Begin XCVersionGroup section */
		89A156131FA6486F0081035B /* GPSDataCollector.xcdatamodeld */ = {
			isa = XCVersionGroup;
			children = (
				89A156141FA6486F0081035B /* GPSDataCollector.xcdatamodel */,
			);
			currentVersion = 89A156141FA6486F0081035B /* GPSDataCollector.xcdatamodel */;
			path = GPSDataCollector.xcdatamodeld;
			sourceTree = "<group>";
			versionGroupType = wrapper.xcdatamodel;
		};
/* End XCVersionGroup section */
	};
	rootObject = 89A156011FA6486F0081035B /* Project object */;
}
